
Microsoft Visual Studio Solution File, Format Version 12.00
# Visual Studio 2013
VisualStudioVersion = 12.0.31101.0
MinimumVisualStudioVersion = 10.0.40219.1
Project("{FAE04EC0-301F-11D3-BF4B-00C04F79EFBC}") = "01.SchoolClasses", "SchoolClasses\01.SchoolClasses.csproj", "{1A18BE67-4A85-43D2-BF19-323993C512E4}"
EndProject
Project("{FAE04EC0-301F-11D3-BF4B-00C04F79EFBC}") = "02.StudentsAndWorkers", "StudentsAndWorkers\02.StudentsAndWorkers.csproj", "{8AB4AA2B-1664-40BD-AC17-7D7280755E99}"
EndProject
Project("{FAE04EC0-301F-11D3-BF4B-00C04F79EFBC}") = "03.AnimalHierarchy", "AnimalHierarchy\03.AnimalHierarchy.csproj", "{D910EAC9-EE7B-4109-904E-B33F225FA295}"
EndProject
Global
	GlobalSection(SolutionConfigurationPlatforms) = preSolution
		Debug|Any CPU = Debug|Any CPU
		Release|Any CPU = Release|Any CPU
	EndGlobalSection
	GlobalSection(ProjectConfigurationPlatforms) = postSolution
		{1A18BE67-4A85-43D2-BF19-323993C512E4}.Debug|Any CPU.ActiveCfg = Debug|Any CPU
		{1A18BE67-4A85-43D2-BF19-323993C512E4}.Debug|Any CPU.Build.0 = Debug|Any CPU
		{1A18BE67-4A85-43D2-BF19-323993C512E4}.Release|Any CPU.ActiveCfg = Release|Any CPU
		{1A18BE67-4A85-43D2-BF19-323993C512E4}.Release|Any CPU.Build.0 = Release|Any CPU
		{8AB4AA2B-1664-40BD-AC17-7D7280755E99}.Debug|Any CPU.ActiveCfg = Debug|Any CPU
		{8AB4AA2B-1664-40BD-AC17-7D7280755E99}.Debug|Any CPU.Build.0 = Debug|Any CPU
		{8AB4AA2B-1664-40BD-AC17-7D7280755E99}.Release|Any CPU.ActiveCfg = Release|Any CPU
		{8AB4AA2B-1664-40BD-AC17-7D7280755E99}.Release|Any CPU.Build.0 = Release|Any CPU
		{D910EAC9-EE7B-4109-904E-B33F225FA295}.Debug|Any CPU.ActiveCfg = Debug|Any CPU
		{D910EAC9-EE7B-4109-904E-B33F225FA295}.Debug|Any CPU.Build.0 = Debug|Any CPU
		{D910EAC9-EE7B-4109-904E-B33F225FA295}.Release|Any CPU.ActiveCfg = Release|Any CPU
		{D910EAC9-EE7B-4109-904E-B33F225FA295}.Release|Any CPU.Build.0 = Release|Any CPU
	EndGlobalSection
	GlobalSection(SolutionProperties) = preSolution
		HideSolutionNode = FALSE
	EndGlobalSection
EndGlobal
