
Microsoft Visual Studio Solution File, Format Version 12.00
# Visual Studio 2013
VisualStudioVersion = 12.0.31101.0
MinimumVisualStudioVersion = 10.0.40219.1
Project("{FAE04EC0-301F-11D3-BF4B-00C04F79EFBC}") = "01-04.DefiningClassesPartTwoHomework", "DefiningClassesPartTwoHomework\01-04.DefiningClassesPartTwoHomework.csproj", "{A740ABE7-1483-4487-A325-3002A0F680C4}"
EndProject
Project("{FAE04EC0-301F-11D3-BF4B-00C04F79EFBC}") = "05-07.DefiningClassesPartTwo", "DefiningClassesPartTwo\05-07.DefiningClassesPartTwo.csproj", "{D1C30255-627D-49DA-B1AE-03519657BB43}"
EndProject
Project("{FAE04EC0-301F-11D3-BF4B-00C04F79EFBC}") = "08-10.DefiningClassesPartTwo8-10", "DefiningClassesPartTwo8-10\08-10.DefiningClassesPartTwo8-10.csproj", "{9E751EF7-1081-4106-8DFB-D05624E8AAD8}"
EndProject
Project("{FAE04EC0-301F-11D3-BF4B-00C04F79EFBC}") = "11.DefiningClassesPartTwo11", "DefiningClassesPartTwo11\11.DefiningClassesPartTwo11.csproj", "{58992C4D-4AAB-4A63-902B-9F4FA68C270C}"
EndProject
Global
	GlobalSection(SolutionConfigurationPlatforms) = preSolution
		Debug|Any CPU = Debug|Any CPU
		Release|Any CPU = Release|Any CPU
	EndGlobalSection
	GlobalSection(ProjectConfigurationPlatforms) = postSolution
		{A740ABE7-1483-4487-A325-3002A0F680C4}.Debug|Any CPU.ActiveCfg = Debug|Any CPU
		{A740ABE7-1483-4487-A325-3002A0F680C4}.Debug|Any CPU.Build.0 = Debug|Any CPU
		{A740ABE7-1483-4487-A325-3002A0F680C4}.Release|Any CPU.ActiveCfg = Release|Any CPU
		{A740ABE7-1483-4487-A325-3002A0F680C4}.Release|Any CPU.Build.0 = Release|Any CPU
		{D1C30255-627D-49DA-B1AE-03519657BB43}.Debug|Any CPU.ActiveCfg = Debug|Any CPU
		{D1C30255-627D-49DA-B1AE-03519657BB43}.Debug|Any CPU.Build.0 = Debug|Any CPU
		{D1C30255-627D-49DA-B1AE-03519657BB43}.Release|Any CPU.ActiveCfg = Release|Any CPU
		{D1C30255-627D-49DA-B1AE-03519657BB43}.Release|Any CPU.Build.0 = Release|Any CPU
		{9E751EF7-1081-4106-8DFB-D05624E8AAD8}.Debug|Any CPU.ActiveCfg = Debug|Any CPU
		{9E751EF7-1081-4106-8DFB-D05624E8AAD8}.Debug|Any CPU.Build.0 = Debug|Any CPU
		{9E751EF7-1081-4106-8DFB-D05624E8AAD8}.Release|Any CPU.ActiveCfg = Release|Any CPU
		{9E751EF7-1081-4106-8DFB-D05624E8AAD8}.Release|Any CPU.Build.0 = Release|Any CPU
		{58992C4D-4AAB-4A63-902B-9F4FA68C270C}.Debug|Any CPU.ActiveCfg = Debug|Any CPU
		{58992C4D-4AAB-4A63-902B-9F4FA68C270C}.Debug|Any CPU.Build.0 = Debug|Any CPU
		{58992C4D-4AAB-4A63-902B-9F4FA68C270C}.Release|Any CPU.ActiveCfg = Release|Any CPU
		{58992C4D-4AAB-4A63-902B-9F4FA68C270C}.Release|Any CPU.Build.0 = Release|Any CPU
	EndGlobalSection
	GlobalSection(SolutionProperties) = preSolution
		HideSolutionNode = FALSE
	EndGlobalSection
EndGlobal
