
Microsoft Visual Studio Solution File, Format Version 12.00
# Visual Studio 2013
VisualStudioVersion = 12.0.31101.0
MinimumVisualStudioVersion = 10.0.40219.1
Project("{FAE04EC0-301F-11D3-BF4B-00C04F79EFBC}") = "01.RegistrationForm", "RegistrationForm\01.RegistrationForm.csproj", "{A40F1529-C82E-4E1A-9707-A536D5FFAF2A}"
EndProject
Project("{FAE04EC0-301F-11D3-BF4B-00C04F79EFBC}") = "02.UniversityGrid", "UniversityGrid\02.UniversityGrid.csproj", "{8976B111-EE1F-4A52-9A62-C1C476DF1270}"
EndProject
Project("{FAE04EC0-301F-11D3-BF4B-00C04F79EFBC}") = "03.NotebookStore", "NotebookStore\03.NotebookStore.csproj", "{734EC567-8948-47BE-A02A-360F695C943A}"
EndProject
Global
	GlobalSection(SolutionConfigurationPlatforms) = preSolution
		Debug|Any CPU = Debug|Any CPU
		Release|Any CPU = Release|Any CPU
	EndGlobalSection
	GlobalSection(ProjectConfigurationPlatforms) = postSolution
		{A40F1529-C82E-4E1A-9707-A536D5FFAF2A}.Debug|Any CPU.ActiveCfg = Debug|Any CPU
		{A40F1529-C82E-4E1A-9707-A536D5FFAF2A}.Debug|Any CPU.Build.0 = Debug|Any CPU
		{A40F1529-C82E-4E1A-9707-A536D5FFAF2A}.Release|Any CPU.ActiveCfg = Release|Any CPU
		{A40F1529-C82E-4E1A-9707-A536D5FFAF2A}.Release|Any CPU.Build.0 = Release|Any CPU
		{8976B111-EE1F-4A52-9A62-C1C476DF1270}.Debug|Any CPU.ActiveCfg = Debug|Any CPU
		{8976B111-EE1F-4A52-9A62-C1C476DF1270}.Debug|Any CPU.Build.0 = Debug|Any CPU
		{8976B111-EE1F-4A52-9A62-C1C476DF1270}.Release|Any CPU.ActiveCfg = Release|Any CPU
		{8976B111-EE1F-4A52-9A62-C1C476DF1270}.Release|Any CPU.Build.0 = Release|Any CPU
		{734EC567-8948-47BE-A02A-360F695C943A}.Debug|Any CPU.ActiveCfg = Debug|Any CPU
		{734EC567-8948-47BE-A02A-360F695C943A}.Debug|Any CPU.Build.0 = Debug|Any CPU
		{734EC567-8948-47BE-A02A-360F695C943A}.Release|Any CPU.ActiveCfg = Release|Any CPU
		{734EC567-8948-47BE-A02A-360F695C943A}.Release|Any CPU.Build.0 = Release|Any CPU
	EndGlobalSection
	GlobalSection(SolutionProperties) = preSolution
		HideSolutionNode = FALSE
	EndGlobalSection
EndGlobal
