
Microsoft Visual Studio Solution File, Format Version 12.00
# Visual Studio 2013
VisualStudioVersion = 12.0.31101.0
MinimumVisualStudioVersion = 10.0.40219.1
Project("{FAE04EC0-301F-11D3-BF4B-00C04F79EFBC}") = "01.LeapYear", "LeapYear\01.LeapYear.csproj", "{7DDD9AC5-BF39-42A2-BA17-8452B383935F}"
EndProject
Project("{FAE04EC0-301F-11D3-BF4B-00C04F79EFBC}") = "02.RandomNumbers", "RandomNumbers\02.RandomNumbers.csproj", "{090151B0-DA83-4007-AC76-446319BCC3F6}"
EndProject
Project("{FAE04EC0-301F-11D3-BF4B-00C04F79EFBC}") = "03.DayOfWeek", "DayOfWeek\03.DayOfWeek.csproj", "{6510DE74-DB67-4BCB-9775-FC3357A12512}"
EndProject
Project("{FAE04EC0-301F-11D3-BF4B-00C04F79EFBC}") = "04.TriangleSurface", "TriangleSurface\04.TriangleSurface.csproj", "{6D89BA70-8C21-4001-B513-9A91FF62877F}"
EndProject
Project("{FAE04EC0-301F-11D3-BF4B-00C04F79EFBC}") = "05.WorkDays", "WorkDays\05.WorkDays.csproj", "{F96481A5-5E5D-4B2E-A52E-48DAA88BD823}"
EndProject
Project("{FAE04EC0-301F-11D3-BF4B-00C04F79EFBC}") = "06.SumIntegers", "SumIntegers\06.SumIntegers.csproj", "{2739A976-9C86-4871-823D-CC6B5C74A8D6}"
EndProject
Global
	GlobalSection(SolutionConfigurationPlatforms) = preSolution
		Debug|Any CPU = Debug|Any CPU
		Release|Any CPU = Release|Any CPU
	EndGlobalSection
	GlobalSection(ProjectConfigurationPlatforms) = postSolution
		{7DDD9AC5-BF39-42A2-BA17-8452B383935F}.Debug|Any CPU.ActiveCfg = Debug|Any CPU
		{7DDD9AC5-BF39-42A2-BA17-8452B383935F}.Debug|Any CPU.Build.0 = Debug|Any CPU
		{7DDD9AC5-BF39-42A2-BA17-8452B383935F}.Release|Any CPU.ActiveCfg = Release|Any CPU
		{7DDD9AC5-BF39-42A2-BA17-8452B383935F}.Release|Any CPU.Build.0 = Release|Any CPU
		{090151B0-DA83-4007-AC76-446319BCC3F6}.Debug|Any CPU.ActiveCfg = Debug|Any CPU
		{090151B0-DA83-4007-AC76-446319BCC3F6}.Debug|Any CPU.Build.0 = Debug|Any CPU
		{090151B0-DA83-4007-AC76-446319BCC3F6}.Release|Any CPU.ActiveCfg = Release|Any CPU
		{090151B0-DA83-4007-AC76-446319BCC3F6}.Release|Any CPU.Build.0 = Release|Any CPU
		{6510DE74-DB67-4BCB-9775-FC3357A12512}.Debug|Any CPU.ActiveCfg = Debug|Any CPU
		{6510DE74-DB67-4BCB-9775-FC3357A12512}.Debug|Any CPU.Build.0 = Debug|Any CPU
		{6510DE74-DB67-4BCB-9775-FC3357A12512}.Release|Any CPU.ActiveCfg = Release|Any CPU
		{6510DE74-DB67-4BCB-9775-FC3357A12512}.Release|Any CPU.Build.0 = Release|Any CPU
		{6D89BA70-8C21-4001-B513-9A91FF62877F}.Debug|Any CPU.ActiveCfg = Debug|Any CPU
		{6D89BA70-8C21-4001-B513-9A91FF62877F}.Debug|Any CPU.Build.0 = Debug|Any CPU
		{6D89BA70-8C21-4001-B513-9A91FF62877F}.Release|Any CPU.ActiveCfg = Release|Any CPU
		{6D89BA70-8C21-4001-B513-9A91FF62877F}.Release|Any CPU.Build.0 = Release|Any CPU
		{F96481A5-5E5D-4B2E-A52E-48DAA88BD823}.Debug|Any CPU.ActiveCfg = Debug|Any CPU
		{F96481A5-5E5D-4B2E-A52E-48DAA88BD823}.Debug|Any CPU.Build.0 = Debug|Any CPU
		{F96481A5-5E5D-4B2E-A52E-48DAA88BD823}.Release|Any CPU.ActiveCfg = Release|Any CPU
		{F96481A5-5E5D-4B2E-A52E-48DAA88BD823}.Release|Any CPU.Build.0 = Release|Any CPU
		{2739A976-9C86-4871-823D-CC6B5C74A8D6}.Debug|Any CPU.ActiveCfg = Debug|Any CPU
		{2739A976-9C86-4871-823D-CC6B5C74A8D6}.Debug|Any CPU.Build.0 = Debug|Any CPU
		{2739A976-9C86-4871-823D-CC6B5C74A8D6}.Release|Any CPU.ActiveCfg = Release|Any CPU
		{2739A976-9C86-4871-823D-CC6B5C74A8D6}.Release|Any CPU.Build.0 = Release|Any CPU
	EndGlobalSection
	GlobalSection(SolutionProperties) = preSolution
		HideSolutionNode = FALSE
	EndGlobalSection
EndGlobal
