
Microsoft Visual Studio Solution File, Format Version 12.00
# Visual Studio 2013
VisualStudioVersion = 12.0.31101.0
MinimumVisualStudioVersion = 10.0.40219.1
Project("{FAE04EC0-301F-11D3-BF4B-00C04F79EFBC}") = "01.Refactoring", "Refactoring\01.Refactoring.csproj", "{44EF26E8-F37A-4CEB-B258-C1FFF7462CDF}"
EndProject
Project("{FAE04EC0-301F-11D3-BF4B-00C04F79EFBC}") = "02.StudentSystem", "StudentSystem\02.StudentSystem.csproj", "{7D89F2A2-FE08-442F-B88A-87E198FB8769}"
EndProject
Project("{FAE04EC0-301F-11D3-BF4B-00C04F79EFBC}") = "03.LinkedIn", "LinkedIn\03.LinkedIn.csproj", "{10A8899D-ED67-4F1B-8218-DFAF359D2191}"
EndProject
Global
	GlobalSection(SolutionConfigurationPlatforms) = preSolution
		Debug|Any CPU = Debug|Any CPU
		Release|Any CPU = Release|Any CPU
	EndGlobalSection
	GlobalSection(ProjectConfigurationPlatforms) = postSolution
		{44EF26E8-F37A-4CEB-B258-C1FFF7462CDF}.Debug|Any CPU.ActiveCfg = Debug|Any CPU
		{44EF26E8-F37A-4CEB-B258-C1FFF7462CDF}.Debug|Any CPU.Build.0 = Debug|Any CPU
		{44EF26E8-F37A-4CEB-B258-C1FFF7462CDF}.Release|Any CPU.ActiveCfg = Release|Any CPU
		{44EF26E8-F37A-4CEB-B258-C1FFF7462CDF}.Release|Any CPU.Build.0 = Release|Any CPU
		{7D89F2A2-FE08-442F-B88A-87E198FB8769}.Debug|Any CPU.ActiveCfg = Debug|Any CPU
		{7D89F2A2-FE08-442F-B88A-87E198FB8769}.Debug|Any CPU.Build.0 = Debug|Any CPU
		{7D89F2A2-FE08-442F-B88A-87E198FB8769}.Release|Any CPU.ActiveCfg = Release|Any CPU
		{7D89F2A2-FE08-442F-B88A-87E198FB8769}.Release|Any CPU.Build.0 = Release|Any CPU
		{10A8899D-ED67-4F1B-8218-DFAF359D2191}.Debug|Any CPU.ActiveCfg = Debug|Any CPU
		{10A8899D-ED67-4F1B-8218-DFAF359D2191}.Debug|Any CPU.Build.0 = Debug|Any CPU
		{10A8899D-ED67-4F1B-8218-DFAF359D2191}.Release|Any CPU.ActiveCfg = Release|Any CPU
		{10A8899D-ED67-4F1B-8218-DFAF359D2191}.Release|Any CPU.Build.0 = Release|Any CPU
	EndGlobalSection
	GlobalSection(SolutionProperties) = preSolution
		HideSolutionNode = FALSE
	EndGlobalSection
EndGlobal
