
Microsoft Visual Studio Solution File, Format Version 12.00
# Visual Studio 2013
VisualStudioVersion = 12.0.31101.0
MinimumVisualStudioVersion = 10.0.40219.1
Project("{FAE04EC0-301F-11D3-BF4B-00C04F79EFBC}") = "01.HTMLTables", "HTMLTables\01.HTMLTables.csproj", "{4DE4763B-6005-4A18-A9E6-685D95BC6DA9}"
EndProject
Project("{FAE04EC0-301F-11D3-BF4B-00C04F79EFBC}") = "03.Calculator", "Calculator\03.Calculator.csproj", "{F5D19E28-A2BC-4935-872D-4553D31914E0}"
EndProject
Project("{FAE04EC0-301F-11D3-BF4B-00C04F79EFBC}") = "02.HTMLForm", "HTMLForm\02.HTMLForm.csproj", "{7F151B74-8DCC-445E-A9DE-298AF10F23F7}"
EndProject
Global
	GlobalSection(SolutionConfigurationPlatforms) = preSolution
		Debug|Any CPU = Debug|Any CPU
		Release|Any CPU = Release|Any CPU
	EndGlobalSection
	GlobalSection(ProjectConfigurationPlatforms) = postSolution
		{4DE4763B-6005-4A18-A9E6-685D95BC6DA9}.Debug|Any CPU.ActiveCfg = Debug|Any CPU
		{4DE4763B-6005-4A18-A9E6-685D95BC6DA9}.Debug|Any CPU.Build.0 = Debug|Any CPU
		{4DE4763B-6005-4A18-A9E6-685D95BC6DA9}.Release|Any CPU.ActiveCfg = Release|Any CPU
		{4DE4763B-6005-4A18-A9E6-685D95BC6DA9}.Release|Any CPU.Build.0 = Release|Any CPU
		{F5D19E28-A2BC-4935-872D-4553D31914E0}.Debug|Any CPU.ActiveCfg = Debug|Any CPU
		{F5D19E28-A2BC-4935-872D-4553D31914E0}.Debug|Any CPU.Build.0 = Debug|Any CPU
		{F5D19E28-A2BC-4935-872D-4553D31914E0}.Release|Any CPU.ActiveCfg = Release|Any CPU
		{F5D19E28-A2BC-4935-872D-4553D31914E0}.Release|Any CPU.Build.0 = Release|Any CPU
		{7F151B74-8DCC-445E-A9DE-298AF10F23F7}.Debug|Any CPU.ActiveCfg = Debug|Any CPU
		{7F151B74-8DCC-445E-A9DE-298AF10F23F7}.Debug|Any CPU.Build.0 = Debug|Any CPU
		{7F151B74-8DCC-445E-A9DE-298AF10F23F7}.Release|Any CPU.ActiveCfg = Release|Any CPU
		{7F151B74-8DCC-445E-A9DE-298AF10F23F7}.Release|Any CPU.Build.0 = Release|Any CPU
	EndGlobalSection
	GlobalSection(SolutionProperties) = preSolution
		HideSolutionNode = FALSE
	EndGlobalSection
EndGlobal
